
Microsoft Visual Studio Solution File, Format Version 12.00
# Visual Studio 15
VisualStudioVersion = 15.0.27703.2042
MinimumVisualStudioVersion = 10.0.40219.1
Project("{9A19103F-16F7-4668-BE54-9A1E7A4F7556}") = "QuickStart.ConsoleApp.Core", "QuickStart.ConsoleApp.Core\QuickStart.ConsoleApp.Core.csproj", "{BDF9BEFF-181A-49B6-BBA8-5F904369FE69}"
EndProject
Project("{FAE04EC0-301F-11D3-BF4B-00C04F79EFBC}") = "QuickStart.WebAPI.Core", "QuickStart.WebAPI.Core\QuickStart.WebAPI.Core.csproj", "{E6C897D1-9B9B-4B10-9019-4E45F7BCEF51}"
EndProject
Global
	GlobalSection(SolutionConfigurationPlatforms) = preSolution
		Debug|Any CPU = Debug|Any CPU
		Release|Any CPU = Release|Any CPU
	EndGlobalSection
	GlobalSection(ProjectConfigurationPlatforms) = postSolution
		{BDF9BEFF-181A-49B6-BBA8-5F904369FE69}.Debug|Any CPU.ActiveCfg = Debug|Any CPU
		{BDF9BEFF-181A-49B6-BBA8-5F904369FE69}.Debug|Any CPU.Build.0 = Debug|Any CPU
		{BDF9BEFF-181A-49B6-BBA8-5F904369FE69}.Release|Any CPU.ActiveCfg = Release|Any CPU
		{BDF9BEFF-181A-49B6-BBA8-5F904369FE69}.Release|Any CPU.Build.0 = Release|Any CPU
		{E6C897D1-9B9B-4B10-9019-4E45F7BCEF51}.Debug|Any CPU.ActiveCfg = Debug|Any CPU
		{E6C897D1-9B9B-4B10-9019-4E45F7BCEF51}.Debug|Any CPU.Build.0 = Debug|Any CPU
		{E6C897D1-9B9B-4B10-9019-4E45F7BCEF51}.Release|Any CPU.ActiveCfg = Release|Any CPU
		{E6C897D1-9B9B-4B10-9019-4E45F7BCEF51}.Release|Any CPU.Build.0 = Release|Any CPU
	EndGlobalSection
	GlobalSection(SolutionProperties) = preSolution
		HideSolutionNode = FALSE
	EndGlobalSection
	GlobalSection(ExtensibilityGlobals) = postSolution
		SolutionGuid = {EDD32EDC-BF13-4E53-A78F-54B10A9E64D5}
	EndGlobalSection
EndGlobal
